
Microsoft Visual Studio Solution File, Format Version 12.00
# Visual Studio Version 16
VisualStudioVersion = 16.0.31613.86
MinimumVisualStudioVersion = 10.0.40219.1
Project("{FAE04EC0-301F-11D3-BF4B-00C04F79EFBC}") = "regex", "regex\regex.csproj", "{C08D3C55-9244-427A-A5D4-6889D8878462}"
EndProject
Global
	GlobalSection(SolutionConfigurationPlatforms) = preSolution
		Debug|Any CPU = Debug|Any CPU
		Release|Any CPU = Release|Any CPU
	EndGlobalSection
	GlobalSection(ProjectConfigurationPlatforms) = postSolution
		{C08D3C55-9244-427A-A5D4-6889D8878462}.Debug|Any CPU.ActiveCfg = Debug|Any CPU
		{C08D3C55-9244-427A-A5D4-6889D8878462}.Debug|Any CPU.Build.0 = Debug|Any CPU
		{C08D3C55-9244-427A-A5D4-6889D8878462}.Release|Any CPU.ActiveCfg = Release|Any CPU
		{C08D3C55-9244-427A-A5D4-6889D8878462}.Release|Any CPU.Build.0 = Release|Any CPU
	EndGlobalSection
	GlobalSection(SolutionProperties) = preSolution
		HideSolutionNode = FALSE
	EndGlobalSection
	GlobalSection(ExtensibilityGlobals) = postSolution
		SolutionGuid = {9ECAA9F9-4392-48B1-A10C-F1012D49A664}
	EndGlobalSection
EndGlobal
